{
  "object": {
    "pins": [
      {
        "package": "Socket",
        "repositoryURL": "https://github.com/IBM-Swift/BlueSocket.git",
        "state": {
          "branch": null,
          "revision": "7c9b9b42fee3c40a1c06b9125ca9d3d9ba62d4c8",
          "version": "1.0.24"
        }
      }
    ]
  },
  "version": 1
}
