// !$*UTF8*$!
{
	archiveVersion = 1;
	classes = {
	};
	objectVersion = 46;
	objects = {

/* Begin PBXBuildFile section */
		948ACAA4219A7E3100A6724F /* BinaryInteger+Bytes.swift in Sources */ = {isa = PBXBuildFile; fileRef = 948ACAA3219A7E3100A6724F /* BinaryInteger+Bytes.swift */; };
		948ACAA6219A7E8800A6724F /* MessageType.swift in Sources */ = {isa = PBXBuildFile; fileRef = 948ACAA5219A7E8800A6724F /* MessageType.swift */; };
		948ACAA8219A82E400A6724F /* Socket+Purity.swift in Sources */ = {isa = PBXBuildFile; fileRef = 948ACAA7219A82E400A6724F /* Socket+Purity.swift */; };
		OBJ_26 /* Raptor.swift in Sources */ = {isa = PBXBuildFile; fileRef = OBJ_8 /* Raptor.swift */; };
		OBJ_28 /* Socket.framework in Frameworks */ = {isa = PBXBuildFile; fileRef = "Socket::Socket::Product" /* Socket.framework */; };
		OBJ_36 /* Package.swift in Sources */ = {isa = PBXBuildFile; fileRef = OBJ_6 /* Package.swift */; };
		OBJ_41 /* Socket.swift in Sources */ = {isa = PBXBuildFile; fileRef = OBJ_14 /* Socket.swift */; };
		OBJ_42 /* SocketProtocols.swift in Sources */ = {isa = PBXBuildFile; fileRef = OBJ_15 /* SocketProtocols.swift */; };
		OBJ_43 /* SocketUtils.swift in Sources */ = {isa = PBXBuildFile; fileRef = OBJ_16 /* SocketUtils.swift */; };
		OBJ_50 /* Package.swift in Sources */ = {isa = PBXBuildFile; fileRef = OBJ_17 /* Package.swift */; };
/* End PBXBuildFile section */

/* Begin PBXContainerItemProxy section */
		948ACAA2219A7DBF00A6724F /* PBXContainerItemProxy */ = {
			isa = PBXContainerItemProxy;
			containerPortal = OBJ_1 /* Project object */;
			proxyType = 1;
			remoteGlobalIDString = "Socket::Socket";
			remoteInfo = Socket;
		};
/* End PBXContainerItemProxy section */

/* Begin PBXFileReference section */
		948ACAA3219A7E3100A6724F /* BinaryInteger+Bytes.swift */ = {isa = PBXFileReference; lastKnownFileType = sourcecode.swift; path = "BinaryInteger+Bytes.swift"; sourceTree = "<group>"; };
		948ACAA5219A7E8800A6724F /* MessageType.swift */ = {isa = PBXFileReference; lastKnownFileType = sourcecode.swift; path = MessageType.swift; sourceTree = "<group>"; };
		948ACAA7219A82E400A6724F /* Socket+Purity.swift */ = {isa = PBXFileReference; lastKnownFileType = sourcecode.swift; path = "Socket+Purity.swift"; sourceTree = "<group>"; };
		OBJ_14 /* Socket.swift */ = {isa = PBXFileReference; lastKnownFileType = sourcecode.swift; path = Socket.swift; sourceTree = "<group>"; };
		OBJ_15 /* SocketProtocols.swift */ = {isa = PBXFileReference; lastKnownFileType = sourcecode.swift; path = SocketProtocols.swift; sourceTree = "<group>"; };
		OBJ_16 /* SocketUtils.swift */ = {isa = PBXFileReference; lastKnownFileType = sourcecode.swift; path = SocketUtils.swift; sourceTree = "<group>"; };
		OBJ_17 /* Package.swift */ = {isa = PBXFileReference; explicitFileType = sourcecode.swift; name = Package.swift; path = "/Users/ryan/dev/Raptor/.build/checkouts/BlueSocket.git-3162807777605905816/Package.swift"; sourceTree = "<group>"; };
		OBJ_6 /* Package.swift */ = {isa = PBXFileReference; explicitFileType = sourcecode.swift; path = Package.swift; sourceTree = "<group>"; };
		OBJ_8 /* Raptor.swift */ = {isa = PBXFileReference; lastKnownFileType = sourcecode.swift; path = Raptor.swift; sourceTree = "<group>"; };
		"Raptor::Raptor::Product" /* Raptor.framework */ = {isa = PBXFileReference; lastKnownFileType = wrapper.framework; path = Raptor.framework; sourceTree = BUILT_PRODUCTS_DIR; };
		"Socket::Socket::Product" /* Socket.framework */ = {isa = PBXFileReference; explicitFileType = wrapper.framework; path = Socket.framework; sourceTree = BUILT_PRODUCTS_DIR; };
/* End PBXFileReference section */

/* Begin PBXFrameworksBuildPhase section */
		OBJ_27 /* Frameworks */ = {
			isa = PBXFrameworksBuildPhase;
			buildActionMask = 0;
			files = (
				OBJ_28 /* Socket.framework in Frameworks */,
			);
			runOnlyForDeploymentPostprocessing = 0;
		};
		OBJ_44 /* Frameworks */ = {
			isa = PBXFrameworksBuildPhase;
			buildActionMask = 0;
			files = (
			);
			runOnlyForDeploymentPostprocessing = 0;
		};
/* End PBXFrameworksBuildPhase section */

/* Begin PBXGroup section */
		OBJ_11 /* Dependencies */ = {
			isa = PBXGroup;
			children = (
				OBJ_12 /* Socket 1.0.24 */,
			);
			name = Dependencies;
			sourceTree = "<group>";
		};
		OBJ_12 /* Socket 1.0.24 */ = {
			isa = PBXGroup;
			children = (
				OBJ_13 /* Socket */,
				OBJ_17 /* Package.swift */,
			);
			name = "Socket 1.0.24";
			sourceTree = SOURCE_ROOT;
		};
		OBJ_13 /* Socket */ = {
			isa = PBXGroup;
			children = (
				OBJ_14 /* Socket.swift */,
				OBJ_15 /* SocketProtocols.swift */,
				OBJ_16 /* SocketUtils.swift */,
			);
			name = Socket;
			path = ".build/checkouts/BlueSocket.git-3162807777605905816/Sources/Socket";
			sourceTree = SOURCE_ROOT;
		};
		OBJ_18 /* Products */ = {
			isa = PBXGroup;
			children = (
				"Socket::Socket::Product" /* Socket.framework */,
				"Raptor::Raptor::Product" /* Raptor.framework */,
			);
			name = Products;
			sourceTree = BUILT_PRODUCTS_DIR;
		};
		OBJ_5 /*  */ = {
			isa = PBXGroup;
			children = (
				OBJ_6 /* Package.swift */,
				OBJ_7 /* Sources */,
				OBJ_9 /* Tests */,
				OBJ_11 /* Dependencies */,
				OBJ_18 /* Products */,
			);
			name = "";
			sourceTree = "<group>";
		};
		OBJ_7 /* Sources */ = {
			isa = PBXGroup;
			children = (
				948ACAA3219A7E3100A6724F /* BinaryInteger+Bytes.swift */,
				948ACAA7219A82E400A6724F /* Socket+Purity.swift */,
				OBJ_8 /* Raptor.swift */,
				948ACAA5219A7E8800A6724F /* MessageType.swift */,
			);
			name = Sources;
			path = Raptor/Sources;
			sourceTree = SOURCE_ROOT;
		};
		OBJ_9 /* Tests */ = {
			isa = PBXGroup;
			children = (
			);
			name = Tests;
			sourceTree = SOURCE_ROOT;
		};
/* End PBXGroup section */

/* Begin PBXNativeTarget section */
		"Raptor::Raptor" /* Raptor */ = {
			isa = PBXNativeTarget;
			buildConfigurationList = OBJ_22 /* Build configuration list for PBXNativeTarget "Raptor" */;
			buildPhases = (
				OBJ_25 /* Sources */,
				OBJ_27 /* Frameworks */,
			);
			buildRules = (
			);
			dependencies = (
				OBJ_29 /* PBXTargetDependency */,
			);
			name = Raptor;
			productName = Raptor;
			productReference = "Raptor::Raptor::Product" /* Raptor.framework */;
			productType = "com.apple.product-type.framework";
		};
		"Raptor::SwiftPMPackageDescription" /* RaptorPackageDescription */ = {
			isa = PBXNativeTarget;
			buildConfigurationList = OBJ_32 /* Build configuration list for PBXNativeTarget "RaptorPackageDescription" */;
			buildPhases = (
				OBJ_35 /* Sources */,
			);
			buildRules = (
			);
			dependencies = (
			);
			name = RaptorPackageDescription;
			productName = RaptorPackageDescription;
			productType = "com.apple.product-type.framework";
		};
		"Socket::Socket" /* Socket */ = {
			isa = PBXNativeTarget;
			buildConfigurationList = OBJ_37 /* Build configuration list for PBXNativeTarget "Socket" */;
			buildPhases = (
				OBJ_40 /* Sources */,
				OBJ_44 /* Frameworks */,
			);
			buildRules = (
			);
			dependencies = (
			);
			name = Socket;
			productName = Socket;
			productReference = "Socket::Socket::Product" /* Socket.framework */;
			productType = "com.apple.product-type.framework";
		};
		"Socket::SwiftPMPackageDescription" /* SocketPackageDescription */ = {
			isa = PBXNativeTarget;
			buildConfigurationList = OBJ_46 /* Build configuration list for PBXNativeTarget "SocketPackageDescription" */;
			buildPhases = (
				OBJ_49 /* Sources */,
			);
			buildRules = (
			);
			dependencies = (
			);
			name = SocketPackageDescription;
			productName = SocketPackageDescription;
			productType = "com.apple.product-type.framework";
		};
/* End PBXNativeTarget section */

/* Begin PBXProject section */
		OBJ_1 /* Project object */ = {
			isa = PBXProject;
			attributes = {
				LastUpgradeCheck = 9999;
			};
			buildConfigurationList = OBJ_2 /* Build configuration list for PBXProject "Raptor" */;
			compatibilityVersion = "Xcode 3.2";
			developmentRegion = English;
			hasScannedForEncodings = 0;
			knownRegions = (
				en,
			);
			mainGroup = OBJ_5 /*  */;
			productRefGroup = OBJ_18 /* Products */;
			projectDirPath = "";
			projectRoot = "";
			targets = (
				"Raptor::Raptor" /* Raptor */,
				"Raptor::SwiftPMPackageDescription" /* RaptorPackageDescription */,
				"Socket::Socket" /* Socket */,
				"Socket::SwiftPMPackageDescription" /* SocketPackageDescription */,
			);
		};
/* End PBXProject section */

/* Begin PBXSourcesBuildPhase section */
		OBJ_25 /* Sources */ = {
			isa = PBXSourcesBuildPhase;
			buildActionMask = 0;
			files = (
				948ACAA6219A7E8800A6724F /* MessageType.swift in Sources */,
				OBJ_26 /* Raptor.swift in Sources */,
				948ACAA4219A7E3100A6724F /* BinaryInteger+Bytes.swift in Sources */,
				948ACAA8219A82E400A6724F /* Socket+Purity.swift in Sources */,
			);
			runOnlyForDeploymentPostprocessing = 0;
		};
		OBJ_35 /* Sources */ = {
			isa = PBXSourcesBuildPhase;
			buildActionMask = 0;
			files = (
				OBJ_36 /* Package.swift in Sources */,
			);
			runOnlyForDeploymentPostprocessing = 0;
		};
		OBJ_40 /* Sources */ = {
			isa = PBXSourcesBuildPhase;
			buildActionMask = 0;
			files = (
				OBJ_41 /* Socket.swift in Sources */,
				OBJ_42 /* SocketProtocols.swift in Sources */,
				OBJ_43 /* SocketUtils.swift in Sources */,
			);
			runOnlyForDeploymentPostprocessing = 0;
		};
		OBJ_49 /* Sources */ = {
			isa = PBXSourcesBuildPhase;
			buildActionMask = 0;
			files = (
				OBJ_50 /* Package.swift in Sources */,
			);
			runOnlyForDeploymentPostprocessing = 0;
		};
/* End PBXSourcesBuildPhase section */

/* Begin PBXTargetDependency section */
		OBJ_29 /* PBXTargetDependency */ = {
			isa = PBXTargetDependency;
			target = "Socket::Socket" /* Socket */;
			targetProxy = 948ACAA2219A7DBF00A6724F /* PBXContainerItemProxy */;
		};
/* End PBXTargetDependency section */

/* Begin XCBuildConfiguration section */
		OBJ_23 /* Debug */ = {
			isa = XCBuildConfiguration;
			buildSettings = {
				ENABLE_TESTABILITY = YES;
				FRAMEWORK_SEARCH_PATHS = (
					"$(inherited)",
					"$(PLATFORM_DIR)/Developer/Library/Frameworks",
				);
				HEADER_SEARCH_PATHS = "$(inherited)";
				INFOPLIST_FILE = Raptor.xcodeproj/Raptor_Info.plist;
				LD_RUNPATH_SEARCH_PATHS = "$(inherited) $(TOOLCHAIN_DIR)/usr/lib/swift/macosx";
				OTHER_CFLAGS = "$(inherited)";
				OTHER_LDFLAGS = "$(inherited)";
				OTHER_SWIFT_FLAGS = "$(inherited)";
				PRODUCT_BUNDLE_IDENTIFIER = Raptor;
				PRODUCT_MODULE_NAME = "$(TARGET_NAME:c99extidentifier)";
				PRODUCT_NAME = "$(TARGET_NAME:c99extidentifier)";
				SKIP_INSTALL = YES;
				SWIFT_VERSION = 4.0;
				TARGET_NAME = Raptor;
			};
			name = Debug;
		};
		OBJ_24 /* Release */ = {
			isa = XCBuildConfiguration;
			buildSettings = {
				ENABLE_TESTABILITY = YES;
				FRAMEWORK_SEARCH_PATHS = (
					"$(inherited)",
					"$(PLATFORM_DIR)/Developer/Library/Frameworks",
				);
				HEADER_SEARCH_PATHS = "$(inherited)";
				INFOPLIST_FILE = Raptor.xcodeproj/Raptor_Info.plist;
				LD_RUNPATH_SEARCH_PATHS = "$(inherited) $(TOOLCHAIN_DIR)/usr/lib/swift/macosx";
				OTHER_CFLAGS = "$(inherited)";
				OTHER_LDFLAGS = "$(inherited)";
				OTHER_SWIFT_FLAGS = "$(inherited)";
				PRODUCT_BUNDLE_IDENTIFIER = Raptor;
				PRODUCT_MODULE_NAME = "$(TARGET_NAME:c99extidentifier)";
				PRODUCT_NAME = "$(TARGET_NAME:c99extidentifier)";
				SKIP_INSTALL = YES;
				SWIFT_VERSION = 4.0;
				TARGET_NAME = Raptor;
			};
			name = Release;
		};
		OBJ_3 /* Debug */ = {
			isa = XCBuildConfiguration;
			buildSettings = {
				CLANG_ENABLE_OBJC_ARC = YES;
				COMBINE_HIDPI_IMAGES = YES;
				COPY_PHASE_STRIP = NO;
				DEBUG_INFORMATION_FORMAT = dwarf;
				DYLIB_INSTALL_NAME_BASE = "@rpath";
				ENABLE_NS_ASSERTIONS = YES;
				GCC_OPTIMIZATION_LEVEL = 0;
				MACOSX_DEPLOYMENT_TARGET = 10.10;
				ONLY_ACTIVE_ARCH = YES;
				OTHER_SWIFT_FLAGS = "-DXcode";
				PRODUCT_NAME = "$(TARGET_NAME)";
				SDKROOT = macosx;
				SUPPORTED_PLATFORMS = "macosx iphoneos iphonesimulator appletvos appletvsimulator watchos watchsimulator";
				SWIFT_ACTIVE_COMPILATION_CONDITIONS = SWIFT_PACKAGE;
				SWIFT_OPTIMIZATION_LEVEL = "-Onone";
				USE_HEADERMAP = NO;
			};
			name = Debug;
		};
		OBJ_33 /* Debug */ = {
			isa = XCBuildConfiguration;
			buildSettings = {
				LD = /usr/bin/true;
				OTHER_SWIFT_FLAGS = "-swift-version 4 -I $(TOOLCHAIN_DIR)/usr/lib/swift/pm/4 -target x86_64-apple-macosx10.10 -sdk /Applications/Xcode.app/Contents/Developer/Platforms/MacOSX.platform/Developer/SDKs/MacOSX10.13.sdk";
				SWIFT_VERSION = 4.0;
			};
			name = Debug;
		};
		OBJ_34 /* Release */ = {
			isa = XCBuildConfiguration;
			buildSettings = {
				LD = /usr/bin/true;
				OTHER_SWIFT_FLAGS = "-swift-version 4 -I $(TOOLCHAIN_DIR)/usr/lib/swift/pm/4 -target x86_64-apple-macosx10.10 -sdk /Applications/Xcode.app/Contents/Developer/Platforms/MacOSX.platform/Developer/SDKs/MacOSX10.13.sdk";
				SWIFT_VERSION = 4.0;
			};
			name = Release;
		};
		OBJ_38 /* Debug */ = {
			isa = XCBuildConfiguration;
			buildSettings = {
				ENABLE_TESTABILITY = YES;
				FRAMEWORK_SEARCH_PATHS = (
					"$(inherited)",
					"$(PLATFORM_DIR)/Developer/Library/Frameworks",
				);
				HEADER_SEARCH_PATHS = "$(inherited)";
				INFOPLIST_FILE = Raptor.xcodeproj/Socket_Info.plist;
				LD_RUNPATH_SEARCH_PATHS = "$(inherited) $(TOOLCHAIN_DIR)/usr/lib/swift/macosx";
				OTHER_CFLAGS = "$(inherited)";
				OTHER_LDFLAGS = "$(inherited)";
				OTHER_SWIFT_FLAGS = "$(inherited)";
				PRODUCT_BUNDLE_IDENTIFIER = Socket;
				PRODUCT_MODULE_NAME = "$(TARGET_NAME:c99extidentifier)";
				PRODUCT_NAME = "$(TARGET_NAME:c99extidentifier)";
				SKIP_INSTALL = YES;
				SWIFT_VERSION = 4.0;
				TARGET_NAME = Socket;
			};
			name = Debug;
		};
		OBJ_39 /* Release */ = {
			isa = XCBuildConfiguration;
			buildSettings = {
				ENABLE_TESTABILITY = YES;
				FRAMEWORK_SEARCH_PATHS = (
					"$(inherited)",
					"$(PLATFORM_DIR)/Developer/Library/Frameworks",
				);
				HEADER_SEARCH_PATHS = "$(inherited)";
				INFOPLIST_FILE = Raptor.xcodeproj/Socket_Info.plist;
				LD_RUNPATH_SEARCH_PATHS = "$(inherited) $(TOOLCHAIN_DIR)/usr/lib/swift/macosx";
				OTHER_CFLAGS = "$(inherited)";
				OTHER_LDFLAGS = "$(inherited)";
				OTHER_SWIFT_FLAGS = "$(inherited)";
				PRODUCT_BUNDLE_IDENTIFIER = Socket;
				PRODUCT_MODULE_NAME = "$(TARGET_NAME:c99extidentifier)";
				PRODUCT_NAME = "$(TARGET_NAME:c99extidentifier)";
				SKIP_INSTALL = YES;
				SWIFT_VERSION = 4.0;
				TARGET_NAME = Socket;
			};
			name = Release;
		};
		OBJ_4 /* Release */ = {
			isa = XCBuildConfiguration;
			buildSettings = {
				CLANG_ENABLE_OBJC_ARC = YES;
				COMBINE_HIDPI_IMAGES = YES;
				COPY_PHASE_STRIP = YES;
				DEBUG_INFORMATION_FORMAT = "dwarf-with-dsym";
				DYLIB_INSTALL_NAME_BASE = "@rpath";
				GCC_OPTIMIZATION_LEVEL = s;
				MACOSX_DEPLOYMENT_TARGET = 10.10;
				OTHER_SWIFT_FLAGS = "-DXcode";
				PRODUCT_NAME = "$(TARGET_NAME)";
				SDKROOT = macosx;
				SUPPORTED_PLATFORMS = "macosx iphoneos iphonesimulator appletvos appletvsimulator watchos watchsimulator";
				SWIFT_ACTIVE_COMPILATION_CONDITIONS = SWIFT_PACKAGE;
				SWIFT_OPTIMIZATION_LEVEL = "-Owholemodule";
				USE_HEADERMAP = NO;
			};
			name = Release;
		};
		OBJ_47 /* Debug */ = {
			isa = XCBuildConfiguration;
			buildSettings = {
				LD = /usr/bin/true;
				OTHER_SWIFT_FLAGS = "-swift-version 4 -I $(TOOLCHAIN_DIR)/usr/lib/swift/pm/4 -target x86_64-apple-macosx10.10 -sdk /Applications/Xcode.app/Contents/Developer/Platforms/MacOSX.platform/Developer/SDKs/MacOSX10.13.sdk";
				SWIFT_VERSION = 4.0;
			};
			name = Debug;
		};
		OBJ_48 /* Release */ = {
			isa = XCBuildConfiguration;
			buildSettings = {
				LD = /usr/bin/true;
				OTHER_SWIFT_FLAGS = "-swift-version 4 -I $(TOOLCHAIN_DIR)/usr/lib/swift/pm/4 -target x86_64-apple-macosx10.10 -sdk /Applications/Xcode.app/Contents/Developer/Platforms/MacOSX.platform/Developer/SDKs/MacOSX10.13.sdk";
				SWIFT_VERSION = 4.0;
			};
			name = Release;
		};
/* End XCBuildConfiguration section */

/* Begin XCConfigurationList section */
		OBJ_2 /* Build configuration list for PBXProject "Raptor" */ = {
			isa = XCConfigurationList;
			buildConfigurations = (
				OBJ_3 /* Debug */,
				OBJ_4 /* Release */,
			);
			defaultConfigurationIsVisible = 0;
			defaultConfigurationName = Release;
		};
		OBJ_22 /* Build configuration list for PBXNativeTarget "Raptor" */ = {
			isa = XCConfigurationList;
			buildConfigurations = (
				OBJ_23 /* Debug */,
				OBJ_24 /* Release */,
			);
			defaultConfigurationIsVisible = 0;
			defaultConfigurationName = Release;
		};
		OBJ_32 /* Build configuration list for PBXNativeTarget "RaptorPackageDescription" */ = {
			isa = XCConfigurationList;
			buildConfigurations = (
				OBJ_33 /* Debug */,
				OBJ_34 /* Release */,
			);
			defaultConfigurationIsVisible = 0;
			defaultConfigurationName = Release;
		};
		OBJ_37 /* Build configuration list for PBXNativeTarget "Socket" */ = {
			isa = XCConfigurationList;
			buildConfigurations = (
				OBJ_38 /* Debug */,
				OBJ_39 /* Release */,
			);
			defaultConfigurationIsVisible = 0;
			defaultConfigurationName = Release;
		};
		OBJ_46 /* Build configuration list for PBXNativeTarget "SocketPackageDescription" */ = {
			isa = XCConfigurationList;
			buildConfigurations = (
				OBJ_47 /* Debug */,
				OBJ_48 /* Release */,
			);
			defaultConfigurationIsVisible = 0;
			defaultConfigurationName = Release;
		};
/* End XCConfigurationList section */
	};
	rootObject = OBJ_1 /* Project object */;
}
